lockfileVersion: '9.0'

settings:
  autoInstallPeers: true
  excludeLinksFromLockfile: false

importers:

  .:
    dependencies:
      esprima:
        specifier: ^4.0.1
        version: 4.0.1
      ignore:
        specifier: ^6.0.2
        version: 6.0.2
      language-detect:
        specifier: '*'
        version: 1.1.0
      typescript:
        specifier: ^5.0.0
        version: 5.6.3
    devDependencies:
      '@types/bun':
        specifier: latest
        version: 1.1.13

packages:

  '@redis/bloom@1.2.0':
    resolution: {integrity: sha512-HG2DFjYKbpNmVXsa0keLHp/3leGJz1mjh09f2RLGGLQZzSHpkmZWuwJbAvo3QcRY8p80m5+ZdXZdYOSBLlp7Cg==}
    peerDependencies:
      '@redis/client': ^1.0.0

  '@redis/client@1.6.0':
    resolution: {integrity: sha512-aR0uffYI700OEEH4gYnitAnv3vzVGXCFvYfdpu/CJKvk4pHfLPEy/JSZyrpQ+15WhXe1yJRXLtfQ84s4mEXnPg==}
    engines: {node: '>=14'}

  '@redis/graph@1.1.1':
    resolution: {integrity: sha512-FEMTcTHZozZciLRl6GiiIB4zGm5z5F3F6a6FZCyrfxdKOhFlGkiAqlexWMBzCi4DcRoyiOsuLfW+cjlGWyExOw==}
    peerDependencies:
      '@redis/client': ^1.0.0

  '@redis/json@1.0.7':
    resolution: {integrity: sha512-6UyXfjVaTBTJtKNG4/9Z8PSpKE6XgSyEb8iwaqDcy+uKrd/DGYHTWkUdnQDyzm727V7p21WUMhsqz5oy65kPcQ==}
    peerDependencies:
      '@redis/client': ^1.0.0

  '@redis/search@1.2.0':
    resolution: {integrity: sha512-tYoDBbtqOVigEDMAcTGsRlMycIIjwMCgD8eR2t0NANeQmgK/lvxNAvYyb6bZDD4frHRhIHkJu2TBRvB0ERkOmw==}
    peerDependencies:
      '@redis/client': ^1.0.0

  '@redis/time-series@1.1.0':
    resolution: {integrity: sha512-c1Q99M5ljsIuc4YdaCwfUEXsofakb9c8+Zse2qxTadu8TalLXuAESzLvFAvNVbkmSlvlzIQOLpBCmWI9wTOt+g==}
    peerDependencies:
      '@redis/client': ^1.0.0

  '@types/bun@1.1.13':
    resolution: {integrity: sha512-KmQxSBgVWCl6RSuerlLGZlIWfdxkKqat0nxN61+qu4y1KDn0Ll3j7v1Pl8GnaL3a/U6GGWVTJh75ap62kR1E8Q==}

  '@types/node@20.12.14':
    resolution: {integrity: sha512-scnD59RpYD91xngrQQLGkE+6UrHUPzeKZWhhjBSa3HSkwjbQc38+q3RoIVEwxQGRw3M+j5hpNAM+lgV3cVormg==}

  '@types/ws@8.5.13':
    resolution: {integrity: sha512-osM/gWBTPKgHV8XkTunnegTRIsvF6owmf5w+JtAfOw472dptdm0dlGv4xCt6GwQRcC2XVOvvRE/0bAoQcL2QkA==}

  bun-types@1.1.34:
    resolution: {integrity: sha512-br5QygTEL/TwB4uQOb96Ky22j4Gq2WxWH/8Oqv20fk5HagwKXo/akB+LiYgSfzexCt6kkcUaVm+bKiPl71xPvw==}

  classifier@0.1.0:
    resolution: {integrity: sha512-lHoacZqTxberxbsaT/bDkvUicTl6nVTqnM5X6PhCTCg6Y3uhd/lWqbtMvHwe0W0vGkPWCVw5NTUTi3SOlccaSA==}
    deprecated: Package no longer supported. Contact support@npmjs.com for more info.

  cluster-key-slot@1.1.2:
    resolution: {integrity: sha512-RMr0FhtfXemyinomL4hrWcYJxmX6deFdCxpJzhDttxgO1+bcCnkk+9drydLVDmAMG7NE6aN/fl4F7ucU/90gAA==}
    engines: {node: '>=0.10.0'}

  esprima@4.0.1:
    resolution: {integrity: sha512-eGuFFw7Upda+g4p+QHvnW0RyTX/SVeJBDM/gCtMARO0cLuT2HcEKnTPvhjV6aGeqrCB/sbNop0Kszm0jsaWU4A==}
    engines: {node: '>=4'}
    hasBin: true

  generic-pool@3.9.0:
    resolution: {integrity: sha512-hymDOu5B53XvN4QT9dBmZxPX4CWhBPPLguTZ9MMFeFa/Kg0xWVfylOVNlJji/E7yTZWFd/q9GO5TxDLq156D7g==}
    engines: {node: '>= 4'}

  ignore@6.0.2:
    resolution: {integrity: sha512-InwqeHHN2XpumIkMvpl/DCJVrAHgCsG5+cn1XlnLWGwtZBm8QJfSusItfrwx81CTp5agNZqpKU2J/ccC5nGT4A==}
    engines: {node: '>= 4'}

  language-classifier@0.0.1:
    resolution: {integrity: sha512-myU10NLx/dfATa7b0NJiycU4jlU15fMLcnfXYEO6NPMhH1vHYKMp9eoRZaQMDTu3bz25bD31Q9klsf26oOW1BQ==}

  language-detect@1.1.0:
    resolution: {integrity: sha512-2kXHOATTovlwlh1LJE21DLyGiuvX6bK8CYw9kEyui2FeNBV3EYD2OE9h1ChuWNGXe/TGcm7PqpK/32S614R1Kg==}

  redis@4.7.0:
    resolution: {integrity: sha512-zvmkHEAdGMn+hMRXuMBtu4Vo5P6rHQjLoHftu+lBqq8ZTA3RCVC/WzD790bkKKiNFp7d5/9PcSD19fJyyRvOdQ==}

  typescript@5.6.3:
    resolution: {integrity: sha512-hjcS1mhfuyi4WW8IWtjP7brDrG2cuDZukyrYrSauoXGNgx0S7zceP07adYkJycEr56BOUTNPzbInooiN3fn1qw==}
    engines: {node: '>=14.17'}
    hasBin: true

  underscore@1.13.7:
    resolution: {integrity: sha512-GMXzWtsc57XAtguZgaQViUOzs0KTkk8ojr3/xAxXLITqf/3EMwxC0inyETfDFjH/Krbhuep0HNbbjI9i/q3F3g==}

  undici-types@5.26.5:
    resolution: {integrity: sha512-JlCMO+ehdEIKqlFxk6IfVoAUVmgz7cU7zD/h9XZ0qzeosSHmUJVOzSQvvYSYWXkFXC+IfLKSIffhv0sVZup6pA==}

  yallist@4.0.0:
    resolution: {integrity: sha512-3wdGidZyq5PB084XLES5TpOSRA3wjXAlIWMhum2kRcv/41Sn2emQ0dycQW4uZXLejwKvg6EsvbdlVL+FYEct7A==}

snapshots:

  '@redis/bloom@1.2.0(@redis/client@1.6.0)':
    dependencies:
      '@redis/client': 1.6.0

  '@redis/client@1.6.0':
    dependencies:
      cluster-key-slot: 1.1.2
      generic-pool: 3.9.0
      yallist: 4.0.0

  '@redis/graph@1.1.1(@redis/client@1.6.0)':
    dependencies:
      '@redis/client': 1.6.0

  '@redis/json@1.0.7(@redis/client@1.6.0)':
    dependencies:
      '@redis/client': 1.6.0

  '@redis/search@1.2.0(@redis/client@1.6.0)':
    dependencies:
      '@redis/client': 1.6.0

  '@redis/time-series@1.1.0(@redis/client@1.6.0)':
    dependencies:
      '@redis/client': 1.6.0

  '@types/bun@1.1.13':
    dependencies:
      bun-types: 1.1.34

  '@types/node@20.12.14':
    dependencies:
      undici-types: 5.26.5

  '@types/ws@8.5.13':
    dependencies:
      '@types/node': 20.12.14

  bun-types@1.1.34:
    dependencies:
      '@types/node': 20.12.14
      '@types/ws': 8.5.13

  classifier@0.1.0:
    dependencies:
      redis: 4.7.0
      underscore: 1.13.7

  cluster-key-slot@1.1.2: {}

  esprima@4.0.1: {}

  generic-pool@3.9.0: {}

  ignore@6.0.2: {}

  language-classifier@0.0.1:
    dependencies:
      classifier: 0.1.0

  language-detect@1.1.0:
    dependencies:
      language-classifier: 0.0.1

  redis@4.7.0:
    dependencies:
      '@redis/bloom': 1.2.0(@redis/client@1.6.0)
      '@redis/client': 1.6.0
      '@redis/graph': 1.1.1(@redis/client@1.6.0)
      '@redis/json': 1.0.7(@redis/client@1.6.0)
      '@redis/search': 1.2.0(@redis/client@1.6.0)
      '@redis/time-series': 1.1.0(@redis/client@1.6.0)

  typescript@5.6.3: {}

  underscore@1.13.7: {}

  undici-types@5.26.5: {}

  yallist@4.0.0: {}
